
Microsoft Visual Studio Solution File, Format Version 12.00
Project("{FAE04EC0-301F-11D3-BF4B-00C04F79EFBC}") = "SolarWatch", "SolarWatch\SolarWatch.csproj", "{975E0E4B-5C4E-4C8A-9063-4B820B9D3967}"
EndProject
Global
	GlobalSection(SolutionConfigurationPlatforms) = preSolution
		Debug|Any CPU = Debug|Any CPU
		Release|Any CPU = Release|Any CPU
	EndGlobalSection
	GlobalSection(ProjectConfigurationPlatforms) = postSolution
		{975E0E4B-5C4E-4C8A-9063-4B820B9D3967}.Debug|Any CPU.ActiveCfg = Debug|Any CPU
		{975E0E4B-5C4E-4C8A-9063-4B820B9D3967}.Debug|Any CPU.Build.0 = Debug|Any CPU
		{975E0E4B-5C4E-4C8A-9063-4B820B9D3967}.Release|Any CPU.ActiveCfg = Release|Any CPU
		{975E0E4B-5C4E-4C8A-9063-4B820B9D3967}.Release|Any CPU.Build.0 = Release|Any CPU
	EndGlobalSection
EndGlobal
